
Microsoft Visual Studio Solution File, Format Version 12.00
# Visual Studio Version 17
VisualStudioVersion = 17.0.31903.59
MinimumVisualStudioVersion = 10.0.40219.1
Project("{9A19103F-16F7-4668-BE54-9A1E7A4F7556}") = "FastPack", "FastPack\FastPack.csproj", "{C921613C-E54C-41FD-9DD7-1932D3D603E9}"
EndProject
Project("{9A19103F-16F7-4668-BE54-9A1E7A4F7556}") = "FastPack.Lib", "FastPack.Lib\FastPack.Lib.csproj", "{A64156E5-3BED-49EE-98E4-F748ED61BEE3}"
EndProject
Project("{2150E333-8FDC-42A3-9474-1A3956D46DE8}") = "00 - Release", "00 - Release", "{7D432DDF-258F-47DD-A6BA-419153D76E7D}"
	ProjectSection(SolutionItems) = preProject
		..\.gitlab-ci.yml = ..\.gitlab-ci.yml
		CreateRelease.bat = CreateRelease.bat
		CreateRelease.ps1 = CreateRelease.ps1
		PublishRelease.bat = PublishRelease.bat
		PublishRelease.psm1 = PublishRelease.psm1
	EndProjectSection
EndProject
Project("{9A19103F-16F7-4668-BE54-9A1E7A4F7556}") = "FastPack.Benchmarks", "FastPack.Benchmarks\FastPack.Benchmarks.csproj", "{0E97FE7D-C638-4940-856A-1CD15725A4B5}"
EndProject
Project("{9A19103F-16F7-4668-BE54-9A1E7A4F7556}") = "FastPack.TestFramework", "FastPack.TestFramework\FastPack.TestFramework.csproj", "{D6841C37-38B1-4150-AE80-8A9E6B525908}"
EndProject
Project("{9A19103F-16F7-4668-BE54-9A1E7A4F7556}") = "FastPack.Tests", "FastPack.Tests\FastPack.Tests.csproj", "{25466BC3-1655-42DD-85A1-7234AEDB88C2}"
EndProject
Global
	GlobalSection(SolutionConfigurationPlatforms) = preSolution
		Debug|Any CPU = Debug|Any CPU
		Release|Any CPU = Release|Any CPU
	EndGlobalSection
	GlobalSection(ProjectConfigurationPlatforms) = postSolution
		{C921613C-E54C-41FD-9DD7-1932D3D603E9}.Debug|Any CPU.ActiveCfg = Debug|Any CPU
		{C921613C-E54C-41FD-9DD7-1932D3D603E9}.Debug|Any CPU.Build.0 = Debug|Any CPU
		{C921613C-E54C-41FD-9DD7-1932D3D603E9}.Release|Any CPU.ActiveCfg = Release|Any CPU
		{C921613C-E54C-41FD-9DD7-1932D3D603E9}.Release|Any CPU.Build.0 = Release|Any CPU
		{A64156E5-3BED-49EE-98E4-F748ED61BEE3}.Debug|Any CPU.ActiveCfg = Debug|Any CPU
		{A64156E5-3BED-49EE-98E4-F748ED61BEE3}.Debug|Any CPU.Build.0 = Debug|Any CPU
		{A64156E5-3BED-49EE-98E4-F748ED61BEE3}.Release|Any CPU.ActiveCfg = Release|Any CPU
		{A64156E5-3BED-49EE-98E4-F748ED61BEE3}.Release|Any CPU.Build.0 = Release|Any CPU
		{0E97FE7D-C638-4940-856A-1CD15725A4B5}.Debug|Any CPU.ActiveCfg = Debug|Any CPU
		{0E97FE7D-C638-4940-856A-1CD15725A4B5}.Debug|Any CPU.Build.0 = Debug|Any CPU
		{0E97FE7D-C638-4940-856A-1CD15725A4B5}.Release|Any CPU.ActiveCfg = Release|Any CPU
		{0E97FE7D-C638-4940-856A-1CD15725A4B5}.Release|Any CPU.Build.0 = Release|Any CPU
		{D6841C37-38B1-4150-AE80-8A9E6B525908}.Debug|Any CPU.ActiveCfg = Debug|Any CPU
		{D6841C37-38B1-4150-AE80-8A9E6B525908}.Debug|Any CPU.Build.0 = Debug|Any CPU
		{D6841C37-38B1-4150-AE80-8A9E6B525908}.Release|Any CPU.ActiveCfg = Release|Any CPU
		{D6841C37-38B1-4150-AE80-8A9E6B525908}.Release|Any CPU.Build.0 = Release|Any CPU
		{25466BC3-1655-42DD-85A1-7234AEDB88C2}.Debug|Any CPU.ActiveCfg = Debug|Any CPU
		{25466BC3-1655-42DD-85A1-7234AEDB88C2}.Debug|Any CPU.Build.0 = Debug|Any CPU
		{25466BC3-1655-42DD-85A1-7234AEDB88C2}.Release|Any CPU.ActiveCfg = Release|Any CPU
		{25466BC3-1655-42DD-85A1-7234AEDB88C2}.Release|Any CPU.Build.0 = Release|Any CPU
	EndGlobalSection
	GlobalSection(SolutionProperties) = preSolution
		HideSolutionNode = FALSE
	EndGlobalSection
	GlobalSection(ExtensibilityGlobals) = postSolution
		SolutionGuid = {9B5C0309-FB01-4A14-924D-24C92F04FBF7}
	EndGlobalSection
EndGlobal
